// !$*UTF8*$!
{
	archiveVersion = 1;
	classes = {
	};
	objectVersion = 56;
	objects = {

/* Begin PBXBuildFile section */
		E20071D02C1E3CCB009DF9B6 /* PlayfairDisplay.ttf in Resources */ = {isa = PBXBuildFile; fileRef = E20071CF2C1E3C18009DF9B6 /* PlayfairDisplay.ttf */; };
		E21027E32C1F85F30076F88A /* CustomTabView.swift in Sources */ = {isa = PBXBuildFile; fileRef = E21027E22C1F85F30076F88A /* CustomTabView.swift */; };
		E293A9B32C3F3CDB00FDD8D4 /* LoadingIndicator.swift in Sources */ = {isa = PBXBuildFile; fileRef = E293A9B22C3F3CDB00FDD8D4 /* LoadingIndicator.swift */; };
		E293A9B52C3F3D0900FDD8D4 /* LoadingThreeBalls.swift in Sources */ = {isa = PBXBuildFile; fileRef = E293A9B42C3F3D0900FDD8D4 /* LoadingThreeBalls.swift */; };
		E293A9B72C3F3D4500FDD8D4 /* LoadingThreeBallsBouncing.swift in Sources */ = {isa = PBXBuildFile; fileRef = E293A9B62C3F3D4500FDD8D4 /* LoadingThreeBallsBouncing.swift */; };
		E2D642382C14D18A001F6AF9 /* myQuiltApp.swift in Sources */ = {isa = PBXBuildFile; fileRef = E2D642372C14D18A001F6AF9 /* myQuiltApp.swift */; };
		E2D6423E2C14D18B001F6AF9 /* Assets.xcassets in Resources */ = {isa = PBXBuildFile; fileRef = E2D6423D2C14D18B001F6AF9 /* Assets.xcassets */; };
		E2D642412C14D18B001F6AF9 /* Preview Assets.xcassets in Resources */ = {isa = PBXBuildFile; fileRef = E2D642402C14D18B001F6AF9 /* Preview Assets.xcassets */; };
		E2D642682C17BF9E001F6AF9 /* JournalView.swift in Sources */ = {isa = PBXBuildFile; fileRef = E2D642672C17BF9E001F6AF9 /* JournalView.swift */; };
		E2D6426C2C17BFC5001F6AF9 /* QuiltView.swift in Sources */ = {isa = PBXBuildFile; fileRef = E2D6426B2C17BFC5001F6AF9 /* QuiltView.swift */; };
		E2D6426E2C1898BE001F6AF9 /* entriesList.swift in Sources */ = {isa = PBXBuildFile; fileRef = E2D6426D2C1898BE001F6AF9 /* entriesList.swift */; };
		E2D643552C18CD91001F6AF9 /* TextEntryView.swift in Sources */ = {isa = PBXBuildFile; fileRef = E2D643542C18CD91001F6AF9 /* TextEntryView.swift */; };
		E2D643572C1A9922001F6AF9 /* ColorExt.swift in Sources */ = {isa = PBXBuildFile; fileRef = E2D643562C1A9922001F6AF9 /* ColorExt.swift */; };
		E2D643592C1A9A08001F6AF9 /* OpenAIViewModel.swift in Sources */ = {isa = PBXBuildFile; fileRef = E2D643582C1A9A08001F6AF9 /* OpenAIViewModel.swift */; };
		E2D643602C1CFC65001F6AF9 /* JournalPageView.swift in Sources */ = {isa = PBXBuildFile; fileRef = E2D6435F2C1CFC65001F6AF9 /* JournalPageView.swift */; };
/* End PBXBuildFile section */

/* Begin PBXContainerItemProxy section */
		E2D642472C14D18C001F6AF9 /* PBXContainerItemProxy */ = {
			isa = PBXContainerItemProxy;
			containerPortal = E2D6422C2C14D18A001F6AF9 /* Project object */;
			proxyType = 1;
			remoteGlobalIDString = E2D642332C14D18A001F6AF9;
			remoteInfo = journal_app;
		};
		E2D642512C14D18C001F6AF9 /* PBXContainerItemProxy */ = {
			isa = PBXContainerItemProxy;
			containerPortal = E2D6422C2C14D18A001F6AF9 /* Project object */;
			proxyType = 1;
			remoteGlobalIDString = E2D642332C14D18A001F6AF9;
			remoteInfo = journal_app;
		};
/* End PBXContainerItemProxy section */

/* Begin PBXFileReference section */
		E20071CF2C1E3C18009DF9B6 /* PlayfairDisplay.ttf */ = {isa = PBXFileReference; lastKnownFileType = file; path = PlayfairDisplay.ttf; sourceTree = "<group>"; };
		E20071D12C1E3D06009DF9B6 /* Info.plist */ = {isa = PBXFileReference; lastKnownFileType = text.plist; path = Info.plist; sourceTree = "<group>"; };
		E21027E22C1F85F30076F88A /* CustomTabView.swift */ = {isa = PBXFileReference; lastKnownFileType = sourcecode.swift; path = CustomTabView.swift; sourceTree = "<group>"; };
		E28DEBF62C3EF9C9000F0ECF /* apikey.xcconfig */ = {isa = PBXFileReference; lastKnownFileType = text.xcconfig; path = apikey.xcconfig; sourceTree = "<group>"; };
		E293A9B22C3F3CDB00FDD8D4 /* LoadingIndicator.swift */ = {isa = PBXFileReference; lastKnownFileType = sourcecode.swift; path = LoadingIndicator.swift; sourceTree = "<group>"; };
		E293A9B42C3F3D0900FDD8D4 /* LoadingThreeBalls.swift */ = {isa = PBXFileReference; lastKnownFileType = sourcecode.swift; path = LoadingThreeBalls.swift; sourceTree = "<group>"; };
		E293A9B62C3F3D4500FDD8D4 /* LoadingThreeBallsBouncing.swift */ = {isa = PBXFileReference; lastKnownFileType = sourcecode.swift; path = LoadingThreeBallsBouncing.swift; sourceTree = "<group>"; };
		E2D642342C14D18A001F6AF9 /* myQuilt.app */ = {isa = PBXFileReference; explicitFileType = wrapper.application; includeInIndex = 0; path = myQuilt.app; sourceTree = BUILT_PRODUCTS_DIR; };
		E2D642372C14D18A001F6AF9 /* myQuiltApp.swift */ = {isa = PBXFileReference; lastKnownFileType = sourcecode.swift; path = myQuiltApp.swift; sourceTree = "<group>"; };
		E2D6423D2C14D18B001F6AF9 /* Assets.xcassets */ = {isa = PBXFileReference; lastKnownFileType = folder.assetcatalog; path = Assets.xcassets; sourceTree = "<group>"; };
		E2D642402C14D18B001F6AF9 /* Preview Assets.xcassets */ = {isa = PBXFileReference; lastKnownFileType = folder.assetcatalog; path = "Preview Assets.xcassets"; sourceTree = "<group>"; };
		E2D642462C14D18C001F6AF9 /* myQuiltTests.xctest */ = {isa = PBXFileReference; explicitFileType = wrapper.cfbundle; includeInIndex = 0; path = myQuiltTests.xctest; sourceTree = BUILT_PRODUCTS_DIR; };
		E2D642502C14D18C001F6AF9 /* myQuiltUITests.xctest */ = {isa = PBXFileReference; explicitFileType = wrapper.cfbundle; includeInIndex = 0; path = myQuiltUITests.xctest; sourceTree = BUILT_PRODUCTS_DIR; };
		E2D642672C17BF9E001F6AF9 /* JournalView.swift */ = {isa = PBXFileReference; lastKnownFileType = sourcecode.swift; path = JournalView.swift; sourceTree = "<group>"; };
		E2D6426B2C17BFC5001F6AF9 /* QuiltView.swift */ = {isa = PBXFileReference; lastKnownFileType = sourcecode.swift; path = QuiltView.swift; sourceTree = "<group>"; };
		E2D6426D2C1898BE001F6AF9 /* entriesList.swift */ = {isa = PBXFileReference; lastKnownFileType = sourcecode.swift; path = entriesList.swift; sourceTree = "<group>"; };
		E2D643542C18CD91001F6AF9 /* TextEntryView.swift */ = {isa = PBXFileReference; lastKnownFileType = sourcecode.swift; path = TextEntryView.swift; sourceTree = "<group>"; };
		E2D643562C1A9922001F6AF9 /* ColorExt.swift */ = {isa = PBXFileReference; lastKnownFileType = sourcecode.swift; path = ColorExt.swift; sourceTree = "<group>"; };
		E2D643582C1A9A08001F6AF9 /* OpenAIViewModel.swift */ = {isa = PBXFileReference; lastKnownFileType = sourcecode.swift; path = OpenAIViewModel.swift; sourceTree = "<group>"; };
		E2D6435F2C1CFC65001F6AF9 /* JournalPageView.swift */ = {isa = PBXFileReference; lastKnownFileType = sourcecode.swift; path = JournalPageView.swift; sourceTree = "<group>"; };
/* End PBXFileReference section */

/* Begin PBXFrameworksBuildPhase section */
		E2D642312C14D18A001F6AF9 /* Frameworks */ = {
			isa = PBXFrameworksBuildPhase;
			buildActionMask = 2147483647;
			files = (
			);
			runOnlyForDeploymentPostprocessing = 0;
		};
		E2D642432C14D18C001F6AF9 /* Frameworks */ = {
			isa = PBXFrameworksBuildPhase;
			buildActionMask = 2147483647;
			files = (
			);
			runOnlyForDeploymentPostprocessing = 0;
		};
		E2D6424D2C14D18C001F6AF9 /* Frameworks */ = {
			isa = PBXFrameworksBuildPhase;
			buildActionMask = 2147483647;
			files = (
			);
			runOnlyForDeploymentPostprocessing = 0;
		};
/* End PBXFrameworksBuildPhase section */

/* Begin PBXGroup section */
		E20071CE2C1E3C11009DF9B6 /* fonts */ = {
			isa = PBXGroup;
			children = (
				E20071CF2C1E3C18009DF9B6 /* PlayfairDisplay.ttf */,
			);
			path = fonts;
			sourceTree = "<group>";
		};
		E2D6422B2C14D18A001F6AF9 = {
			isa = PBXGroup;
			children = (
				E28DEBF62C3EF9C9000F0ECF /* apikey.xcconfig */,
				E20071CE2C1E3C11009DF9B6 /* fonts */,
				E2D642362C14D18A001F6AF9 /* myQuilt */,
				E2D642352C14D18A001F6AF9 /* Products */,
			);
			sourceTree = "<group>";
		};
		E2D642352C14D18A001F6AF9 /* Products */ = {
			isa = PBXGroup;
			children = (
				E2D642342C14D18A001F6AF9 /* myQuilt.app */,
				E2D642462C14D18C001F6AF9 /* myQuiltTests.xctest */,
				E2D642502C14D18C001F6AF9 /* myQuiltUITests.xctest */,
			);
			name = Products;
			sourceTree = "<group>";
		};
		E2D642362C14D18A001F6AF9 /* myQuilt */ = {
			isa = PBXGroup;
			children = (
				E21027E22C1F85F30076F88A /* CustomTabView.swift */,
				E20071D12C1E3D06009DF9B6 /* Info.plist */,
				E2D642372C14D18A001F6AF9 /* myQuiltApp.swift */,
				E2D6423D2C14D18B001F6AF9 /* Assets.xcassets */,
				E2D6423F2C14D18B001F6AF9 /* Preview Content */,
				E2D642672C17BF9E001F6AF9 /* JournalView.swift */,
				E2D6426B2C17BFC5001F6AF9 /* QuiltView.swift */,
				E2D643542C18CD91001F6AF9 /* TextEntryView.swift */,
				E2D6435A2C1A9FEE001F6AF9 /* nonViews */,
				E2D6435F2C1CFC65001F6AF9 /* JournalPageView.swift */,
				E293A9B22C3F3CDB00FDD8D4 /* LoadingIndicator.swift */,
				E293A9B42C3F3D0900FDD8D4 /* LoadingThreeBalls.swift */,
				E293A9B62C3F3D4500FDD8D4 /* LoadingThreeBallsBouncing.swift */,
			);
			path = myQuilt;
			sourceTree = "<group>";
		};
		E2D6423F2C14D18B001F6AF9 /* Preview Content */ = {
			isa = PBXGroup;
			children = (
				E2D642402C14D18B001F6AF9 /* Preview Assets.xcassets */,
			);
			path = "Preview Content";
			sourceTree = "<group>";
		};
		E2D6435A2C1A9FEE001F6AF9 /* nonViews */ = {
			isa = PBXGroup;
			children = (
				E2D6426D2C1898BE001F6AF9 /* entriesList.swift */,
				E2D643562C1A9922001F6AF9 /* ColorExt.swift */,
				E2D643582C1A9A08001F6AF9 /* OpenAIViewModel.swift */,
			);
			path = nonViews;
			sourceTree = "<group>";
		};
/* End PBXGroup section */

/* Begin PBXNativeTarget section */
		E2D642332C14D18A001F6AF9 /* myQuilt */ = {
			isa = PBXNativeTarget;
			buildConfigurationList = E2D6425A2C14D18C001F6AF9 /* Build configuration list for PBXNativeTarget "myQuilt" */;
			buildPhases = (
				E2D642302C14D18A001F6AF9 /* Sources */,
				E2D642312C14D18A001F6AF9 /* Frameworks */,
				E2D642322C14D18A001F6AF9 /* Resources */,
			);
			buildRules = (
			);
			dependencies = (
			);
			name = myQuilt;
			productName = journal_app;
			productReference = E2D642342C14D18A001F6AF9 /* myQuilt.app */;
			productType = "com.apple.product-type.application";
		};
		E2D642452C14D18C001F6AF9 /* myQuiltTests */ = {
			isa = PBXNativeTarget;
			buildConfigurationList = E2D6425D2C14D18C001F6AF9 /* Build configuration list for PBXNativeTarget "myQuiltTests" */;
			buildPhases = (
				E2D642422C14D18C001F6AF9 /* Sources */,
				E2D642432C14D18C001F6AF9 /* Frameworks */,
				E2D642442C14D18C001F6AF9 /* Resources */,
			);
			buildRules = (
			);
			dependencies = (
				E2D642482C14D18C001F6AF9 /* PBXTargetDependency */,
			);
			name = myQuiltTests;
			productName = journal_appTests;
			productReference = E2D642462C14D18C001F6AF9 /* myQuiltTests.xctest */;
			productType = "com.apple.product-type.bundle.unit-test";
		};
		E2D6424F2C14D18C001F6AF9 /* myQuiltUITests */ = {
			isa = PBXNativeTarget;
			buildConfigurationList = E2D642602C14D18C001F6AF9 /* Build configuration list for PBXNativeTarget "myQuiltUITests" */;
			buildPhases = (
				E2D6424C2C14D18C001F6AF9 /* Sources */,
				E2D6424D2C14D18C001F6AF9 /* Frameworks */,
				E2D6424E2C14D18C001F6AF9 /* Resources */,
			);
			buildRules = (
			);
			dependencies = (
				E2D642522C14D18C001F6AF9 /* PBXTargetDependency */,
			);
			name = myQuiltUITests;
			productName = journal_appUITests;
			productReference = E2D642502C14D18C001F6AF9 /* myQuiltUITests.xctest */;
			productType = "com.apple.product-type.bundle.ui-testing";
		};
/* End PBXNativeTarget section */

/* Begin PBXProject section */
		E2D6422C2C14D18A001F6AF9 /* Project object */ = {
			isa = PBXProject;
			attributes = {
				BuildIndependentTargetsInParallel = 1;
				LastSwiftUpdateCheck = 1540;
				LastUpgradeCheck = 1540;
				TargetAttributes = {
					E2D642332C14D18A001F6AF9 = {
						CreatedOnToolsVersion = 15.4;
					};
					E2D642452C14D18C001F6AF9 = {
						CreatedOnToolsVersion = 15.4;
						TestTargetID = E2D642332C14D18A001F6AF9;
					};
					E2D6424F2C14D18C001F6AF9 = {
						CreatedOnToolsVersion = 15.4;
						TestTargetID = E2D642332C14D18A001F6AF9;
					};
				};
			};
			buildConfigurationList = E2D6422F2C14D18A001F6AF9 /* Build configuration list for PBXProject "myQuilt" */;
			compatibilityVersion = "Xcode 14.0";
			developmentRegion = en;
			hasScannedForEncodings = 0;
			knownRegions = (
				en,
				Base,
			);
			mainGroup = E2D6422B2C14D18A001F6AF9;
			packageReferences = (
				E209380E2C3F20B500964753 /* XCRemoteSwiftPackageReference "SwiftfulLoadingIndicators" */,
			);
			productRefGroup = E2D642352C14D18A001F6AF9 /* Products */;
			projectDirPath = "";
			projectRoot = "";
			targets = (
				E2D642332C14D18A001F6AF9 /* myQuilt */,
				E2D642452C14D18C001F6AF9 /* myQuiltTests */,
				E2D6424F2C14D18C001F6AF9 /* myQuiltUITests */,
			);
		};
/* End PBXProject section */

/* Begin PBXResourcesBuildPhase section */
		E2D642322C14D18A001F6AF9 /* Resources */ = {
			isa = PBXResourcesBuildPhase;
			buildActionMask = 2147483647;
			files = (
				E2D642412C14D18B001F6AF9 /* Preview Assets.xcassets in Resources */,
				E20071D02C1E3CCB009DF9B6 /* PlayfairDisplay.ttf in Resources */,
				E2D6423E2C14D18B001F6AF9 /* Assets.xcassets in Resources */,
			);
			runOnlyForDeploymentPostprocessing = 0;
		};
		E2D642442C14D18C001F6AF9 /* Resources */ = {
			isa = PBXResourcesBuildPhase;
			buildActionMask = 2147483647;
			files = (
			);
			runOnlyForDeploymentPostprocessing = 0;
		};
		E2D6424E2C14D18C001F6AF9 /* Resources */ = {
			isa = PBXResourcesBuildPhase;
			buildActionMask = 2147483647;
			files = (
			);
			runOnlyForDeploymentPostprocessing = 0;
		};
/* End PBXResourcesBuildPhase section */

/* Begin PBXSourcesBuildPhase section */
		E2D642302C14D18A001F6AF9 /* Sources */ = {
			isa = PBXSourcesBuildPhase;
			buildActionMask = 2147483647;
			files = (
				E293A9B52C3F3D0900FDD8D4 /* LoadingThreeBalls.swift in Sources */,
				E2D6426C2C17BFC5001F6AF9 /* QuiltView.swift in Sources */,
				E2D643572C1A9922001F6AF9 /* ColorExt.swift in Sources */,
				E293A9B72C3F3D4500FDD8D4 /* LoadingThreeBallsBouncing.swift in Sources */,
				E293A9B32C3F3CDB00FDD8D4 /* LoadingIndicator.swift in Sources */,
				E2D6426E2C1898BE001F6AF9 /* entriesList.swift in Sources */,
				E21027E32C1F85F30076F88A /* CustomTabView.swift in Sources */,
				E2D643552C18CD91001F6AF9 /* TextEntryView.swift in Sources */,
				E2D642382C14D18A001F6AF9 /* myQuiltApp.swift in Sources */,
				E2D643602C1CFC65001F6AF9 /* JournalPageView.swift in Sources */,
				E2D643592C1A9A08001F6AF9 /* OpenAIViewModel.swift in Sources */,
				E2D642682C17BF9E001F6AF9 /* JournalView.swift in Sources */,
			);
			runOnlyForDeploymentPostprocessing = 0;
		};
		E2D642422C14D18C001F6AF9 /* Sources */ = {
			isa = PBXSourcesBuildPhase;
			buildActionMask = 2147483647;
			files = (
			);
			runOnlyForDeploymentPostprocessing = 0;
		};
		E2D6424C2C14D18C001F6AF9 /* Sources */ = {
			isa = PBXSourcesBuildPhase;
			buildActionMask = 2147483647;
			files = (
			);
			runOnlyForDeploymentPostprocessing = 0;
		};
/* End PBXSourcesBuildPhase section */

/* Begin PBXTargetDependency section */
		E2D642482C14D18C001F6AF9 /* PBXTargetDependency */ = {
			isa = PBXTargetDependency;
			target = E2D642332C14D18A001F6AF9 /* myQuilt */;
			targetProxy = E2D642472C14D18C001F6AF9 /* PBXContainerItemProxy */;
		};
		E2D642522C14D18C001F6AF9 /* PBXTargetDependency */ = {
			isa = PBXTargetDependency;
			target = E2D642332C14D18A001F6AF9 /* myQuilt */;
			targetProxy = E2D642512C14D18C001F6AF9 /* PBXContainerItemProxy */;
		};
/* End PBXTargetDependency section */

/* Begin XCBuildConfiguration section */
		E2D642582C14D18C001F6AF9 /* Debug */ = {
			isa = XCBuildConfiguration;
			baseConfigurationReference = E28DEBF62C3EF9C9000F0ECF /* apikey.xcconfig */;
			buildSettings = {
				ALWAYS_SEARCH_USER_PATHS = NO;
				ASSETCATALOG_COMPILER_GENERATE_SWIFT_ASSET_SYMBOL_EXTENSIONS = YES;
				CLANG_ANALYZER_NONNULL = YES;
				CLANG_ANALYZER_NUMBER_OBJECT_CONVERSION = YES_AGGRESSIVE;
				CLANG_CXX_LANGUAGE_STANDARD = "gnu++20";
				CLANG_ENABLE_MODULES = YES;
				CLANG_ENABLE_OBJC_ARC = YES;
				CLANG_ENABLE_OBJC_WEAK = YES;
				CLANG_WARN_BLOCK_CAPTURE_AUTORELEASING = YES;
				CLANG_WARN_BOOL_CONVERSION = YES;
				CLANG_WARN_COMMA = YES;
				CLANG_WARN_CONSTANT_CONVERSION = YES;
				CLANG_WARN_DEPRECATED_OBJC_IMPLEMENTATIONS = YES;
				CLANG_WARN_DIRECT_OBJC_ISA_USAGE = YES_ERROR;
				CLANG_WARN_DOCUMENTATION_COMMENTS = YES;
				CLANG_WARN_EMPTY_BODY = YES;
				CLANG_WARN_ENUM_CONVERSION = YES;
				CLANG_WARN_INFINITE_RECURSION = YES;
				CLANG_WARN_INT_CONVERSION = YES;
				CLANG_WARN_NON_LITERAL_NULL_CONVERSION = YES;
				CLANG_WARN_OBJC_IMPLICIT_RETAIN_SELF = YES;
				CLANG_WARN_OBJC_LITERAL_CONVERSION = YES;
				CLANG_WARN_OBJC_ROOT_CLASS = YES_ERROR;
				CLANG_WARN_QUOTED_INCLUDE_IN_FRAMEWORK_HEADER = YES;
				CLANG_WARN_RANGE_LOOP_ANALYSIS = YES;
				CLANG_WARN_STRICT_PROTOTYPES = YES;
				CLANG_WARN_SUSPICIOUS_MOVE = YES;
				CLANG_WARN_UNGUARDED_AVAILABILITY = YES_AGGRESSIVE;
				CLANG_WARN_UNREACHABLE_CODE = YES;
				CLANG_WARN__DUPLICATE_METHOD_MATCH = YES;
				COPY_PHASE_STRIP = NO;
				DEBUG_INFORMATION_FORMAT = dwarf;
				ENABLE_STRICT_OBJC_MSGSEND = YES;
				ENABLE_TESTABILITY = YES;
				ENABLE_USER_SCRIPT_SANDBOXING = YES;
				GCC_C_LANGUAGE_STANDARD = gnu17;
				GCC_DYNAMIC_NO_PIC = NO;
				GCC_NO_COMMON_BLOCKS = YES;
				GCC_OPTIMIZATION_LEVEL = 0;
				GCC_PREPROCESSOR_DEFINITIONS = (
					"DEBUG=1",
					"$(inherited)",
				);
				GCC_WARN_64_TO_32_BIT_CONVERSION = YES;
				GCC_WARN_ABOUT_RETURN_TYPE = YES_ERROR;
				GCC_WARN_UNDECLARED_SELECTOR = YES;
				GCC_WARN_UNINITIALIZED_AUTOS = YES_AGGRESSIVE;
				GCC_WARN_UNUSED_FUNCTION = YES;
				GCC_WARN_UNUSED_VARIABLE = YES;
				IPHONEOS_DEPLOYMENT_TARGET = 17.5;
				LOCALIZATION_PREFERS_STRING_CATALOGS = YES;
				MTL_ENABLE_DEBUG_INFO = INCLUDE_SOURCE;
				MTL_FAST_MATH = YES;
				ONLY_ACTIVE_ARCH = YES;
				SDKROOT = iphoneos;
				SWIFT_ACTIVE_COMPILATION_CONDITIONS = "DEBUG $(inherited)";
				SWIFT_OPTIMIZATION_LEVEL = "-Onone";
			};
			name = Debug;
		};
		E2D642592C14D18C001F6AF9 /* Release */ = {
			isa = XCBuildConfiguration;
			baseConfigurationReference = E28DEBF62C3EF9C9000F0ECF /* apikey.xcconfig */;
			buildSettings = {
				ALWAYS_SEARCH_USER_PATHS = NO;
				ASSETCATALOG_COMPILER_GENERATE_SWIFT_ASSET_SYMBOL_EXTENSIONS = YES;
				CLANG_ANALYZER_NONNULL = YES;
				CLANG_ANALYZER_NUMBER_OBJECT_CONVERSION = YES_AGGRESSIVE;
				CLANG_CXX_LANGUAGE_STANDARD = "gnu++20";
				CLANG_ENABLE_MODULES = YES;
				CLANG_ENABLE_OBJC_ARC = YES;
				CLANG_ENABLE_OBJC_WEAK = YES;
				CLANG_WARN_BLOCK_CAPTURE_AUTORELEASING = YES;
				CLANG_WARN_BOOL_CONVERSION = YES;
				CLANG_WARN_COMMA = YES;
				CLANG_WARN_CONSTANT_CONVERSION = YES;
				CLANG_WARN_DEPRECATED_OBJC_IMPLEMENTATIONS = YES;
				CLANG_WARN_DIRECT_OBJC_ISA_USAGE = YES_ERROR;
				CLANG_WARN_DOCUMENTATION_COMMENTS = YES;
				CLANG_WARN_EMPTY_BODY = YES;
				CLANG_WARN_ENUM_CONVERSION = YES;
				CLANG_WARN_INFINITE_RECURSION = YES;
				CLANG_WARN_INT_CONVERSION = YES;
				CLANG_WARN_NON_LITERAL_NULL_CONVERSION = YES;
				CLANG_WARN_OBJC_IMPLICIT_RETAIN_SELF = YES;
				CLANG_WARN_OBJC_LITERAL_CONVERSION = YES;
				CLANG_WARN_OBJC_ROOT_CLASS = YES_ERROR;
				CLANG_WARN_QUOTED_INCLUDE_IN_FRAMEWORK_HEADER = YES;
				CLANG_WARN_RANGE_LOOP_ANALYSIS = YES;
				CLANG_WARN_STRICT_PROTOTYPES = YES;
				CLANG_WARN_SUSPICIOUS_MOVE = YES;
				CLANG_WARN_UNGUARDED_AVAILABILITY = YES_AGGRESSIVE;
				CLANG_WARN_UNREACHABLE_CODE = YES;
				CLANG_WARN__DUPLICATE_METHOD_MATCH = YES;
				COPY_PHASE_STRIP = NO;
				DEBUG_INFORMATION_FORMAT = "dwarf-with-dsym";
				ENABLE_NS_ASSERTIONS = NO;
				ENABLE_STRICT_OBJC_MSGSEND = YES;
				ENABLE_USER_SCRIPT_SANDBOXING = YES;
				GCC_C_LANGUAGE_STANDARD = gnu17;
				GCC_NO_COMMON_BLOCKS = YES;
				GCC_WARN_64_TO_32_BIT_CONVERSION = YES;
				GCC_WARN_ABOUT_RETURN_TYPE = YES_ERROR;
				GCC_WARN_UNDECLARED_SELECTOR = YES;
				GCC_WARN_UNINITIALIZED_AUTOS = YES_AGGRESSIVE;
				GCC_WARN_UNUSED_FUNCTION = YES;
				GCC_WARN_UNUSED_VARIABLE = YES;
				IPHONEOS_DEPLOYMENT_TARGET = 17.5;
				LOCALIZATION_PREFERS_STRING_CATALOGS = YES;
				MTL_ENABLE_DEBUG_INFO = NO;
				MTL_FAST_MATH = YES;
				SDKROOT = iphoneos;
				SWIFT_COMPILATION_MODE = wholemodule;
				VALIDATE_PRODUCT = YES;
			};
			name = Release;
		};
		E2D6425B2C14D18C001F6AF9 /* Debug */ = {
			isa = XCBuildConfiguration;
			baseConfigurationReference = E28DEBF62C3EF9C9000F0ECF /* apikey.xcconfig */;
			buildSettings = {
				ASSETCATALOG_COMPILER_APPICON_NAME = AppIcon;
				ASSETCATALOG_COMPILER_GLOBAL_ACCENT_COLOR_NAME = AccentColor;
				CODE_SIGN_STYLE = Automatic;
				CURRENT_PROJECT_VERSION = 1;
				DEVELOPMENT_ASSET_PATHS = "\"myQuilt/Preview Content\"";
				DEVELOPMENT_TEAM = D42P5922GS;
				ENABLE_PREVIEWS = YES;
				GENERATE_INFOPLIST_FILE = YES;
				INFOPLIST_FILE = myQuilt/Info.plist;
				INFOPLIST_KEY_LSApplicationCategoryType = "";
				INFOPLIST_KEY_UIApplicationSceneManifest_Generation = YES;
				INFOPLIST_KEY_UIApplicationSupportsIndirectInputEvents = YES;
				INFOPLIST_KEY_UILaunchScreen_Generation = YES;
				INFOPLIST_KEY_UISupportedInterfaceOrientations_iPad = "UIInterfaceOrientationPortrait UIInterfaceOrientationPortraitUpsideDown UIInterfaceOrientationLandscapeLeft UIInterfaceOrientationLandscapeRight";
				INFOPLIST_KEY_UISupportedInterfaceOrientations_iPhone = "UIInterfaceOrientationPortrait UIInterfaceOrientationLandscapeLeft UIInterfaceOrientationLandscapeRight";
				LD_RUNPATH_SEARCH_PATHS = (
					"$(inherited)",
					"@executable_path/Frameworks",
				);
				MARKETING_VERSION = 1.0;
				PRODUCT_BUNDLE_IDENTIFIER = "me.journal-app";
				PRODUCT_NAME = "$(TARGET_NAME)";
				SWIFT_EMIT_LOC_STRINGS = YES;
				SWIFT_VERSION = 5.0;
				TARGETED_DEVICE_FAMILY = "1,2";
			};
			name = Debug;
		};
		E2D6425C2C14D18C001F6AF9 /* Release */ = {
			isa = XCBuildConfiguration;
			baseConfigurationReference = E28DEBF62C3EF9C9000F0ECF /* apikey.xcconfig */;
			buildSettings = {
				ASSETCATALOG_COMPILER_APPICON_NAME = AppIcon;
				ASSETCATALOG_COMPILER_GLOBAL_ACCENT_COLOR_NAME = AccentColor;
				CODE_SIGN_STYLE = Automatic;
				CURRENT_PROJECT_VERSION = 1;
				DEVELOPMENT_ASSET_PATHS = "\"myQuilt/Preview Content\"";
				DEVELOPMENT_TEAM = D42P5922GS;
				ENABLE_PREVIEWS = YES;
				GENERATE_INFOPLIST_FILE = YES;
				INFOPLIST_FILE = myQuilt/Info.plist;
				INFOPLIST_KEY_LSApplicationCategoryType = "";
				INFOPLIST_KEY_UIApplicationSceneManifest_Generation = YES;
				INFOPLIST_KEY_UIApplicationSupportsIndirectInputEvents = YES;
				INFOPLIST_KEY_UILaunchScreen_Generation = YES;
				INFOPLIST_KEY_UISupportedInterfaceOrientations_iPad = "UIInterfaceOrientationPortrait UIInterfaceOrientationPortraitUpsideDown UIInterfaceOrientationLandscapeLeft UIInterfaceOrientationLandscapeRight";
				INFOPLIST_KEY_UISupportedInterfaceOrientations_iPhone = "UIInterfaceOrientationPortrait UIInterfaceOrientationLandscapeLeft UIInterfaceOrientationLandscapeRight";
				LD_RUNPATH_SEARCH_PATHS = (
					"$(inherited)",
					"@executable_path/Frameworks",
				);
				MARKETING_VERSION = 1.0;
				PRODUCT_BUNDLE_IDENTIFIER = "me.journal-app";
				PRODUCT_NAME = "$(TARGET_NAME)";
				SWIFT_EMIT_LOC_STRINGS = YES;
				SWIFT_VERSION = 5.0;
				TARGETED_DEVICE_FAMILY = "1,2";
			};
			name = Release;
		};
		E2D6425E2C14D18C001F6AF9 /* Debug */ = {
			isa = XCBuildConfiguration;
			baseConfigurationReference = E28DEBF62C3EF9C9000F0ECF /* apikey.xcconfig */;
			buildSettings = {
				ALWAYS_EMBED_SWIFT_STANDARD_LIBRARIES = YES;
				BUNDLE_LOADER = "$(TEST_HOST)";
				CODE_SIGN_STYLE = Automatic;
				CURRENT_PROJECT_VERSION = 1;
				GENERATE_INFOPLIST_FILE = YES;
				IPHONEOS_DEPLOYMENT_TARGET = 17.5;
				MARKETING_VERSION = 1.0;
				PRODUCT_BUNDLE_IDENTIFIER = "me.journal-appTests";
				PRODUCT_NAME = "$(TARGET_NAME)";
				SWIFT_EMIT_LOC_STRINGS = NO;
				SWIFT_VERSION = 5.0;
				TARGETED_DEVICE_FAMILY = "1,2";
				TEST_HOST = "$(BUILT_PRODUCTS_DIR)/myQuilt.app/$(BUNDLE_EXECUTABLE_FOLDER_PATH)/myQuilt";
			};
			name = Debug;
		};
		E2D6425F2C14D18C001F6AF9 /* Release */ = {
			isa = XCBuildConfiguration;
			baseConfigurationReference = E28DEBF62C3EF9C9000F0ECF /* apikey.xcconfig */;
			buildSettings = {
				ALWAYS_EMBED_SWIFT_STANDARD_LIBRARIES = YES;
				BUNDLE_LOADER = "$(TEST_HOST)";
				CODE_SIGN_STYLE = Automatic;
				CURRENT_PROJECT_VERSION = 1;
				GENERATE_INFOPLIST_FILE = YES;
				IPHONEOS_DEPLOYMENT_TARGET = 17.5;
				MARKETING_VERSION = 1.0;
				PRODUCT_BUNDLE_IDENTIFIER = "me.journal-appTests";
				PRODUCT_NAME = "$(TARGET_NAME)";
				SWIFT_EMIT_LOC_STRINGS = NO;
				SWIFT_VERSION = 5.0;
				TARGETED_DEVICE_FAMILY = "1,2";
				TEST_HOST = "$(BUILT_PRODUCTS_DIR)/myQuilt.app/$(BUNDLE_EXECUTABLE_FOLDER_PATH)/myQuilt";
			};
			name = Release;
		};
		E2D642612C14D18C001F6AF9 /* Debug */ = {
			isa = XCBuildConfiguration;
			baseConfigurationReference = E28DEBF62C3EF9C9000F0ECF /* apikey.xcconfig */;
			buildSettings = {
				ALWAYS_EMBED_SWIFT_STANDARD_LIBRARIES = YES;
				CODE_SIGN_STYLE = Automatic;
				CURRENT_PROJECT_VERSION = 1;
				GENERATE_INFOPLIST_FILE = YES;
				MARKETING_VERSION = 1.0;
				PRODUCT_BUNDLE_IDENTIFIER = "me.journal-appUITests";
				PRODUCT_NAME = "$(TARGET_NAME)";
				SWIFT_EMIT_LOC_STRINGS = NO;
				SWIFT_VERSION = 5.0;
				TARGETED_DEVICE_FAMILY = "1,2";
				TEST_TARGET_NAME = journal_app;
			};
			name = Debug;
		};
		E2D642622C14D18C001F6AF9 /* Release */ = {
			isa = XCBuildConfiguration;
			baseConfigurationReference = E28DEBF62C3EF9C9000F0ECF /* apikey.xcconfig */;
			buildSettings = {
				ALWAYS_EMBED_SWIFT_STANDARD_LIBRARIES = YES;
				CODE_SIGN_STYLE = Automatic;
				CURRENT_PROJECT_VERSION = 1;
				GENERATE_INFOPLIST_FILE = YES;
				MARKETING_VERSION = 1.0;
				PRODUCT_BUNDLE_IDENTIFIER = "me.journal-appUITests";
				PRODUCT_NAME = "$(TARGET_NAME)";
				SWIFT_EMIT_LOC_STRINGS = NO;
				SWIFT_VERSION = 5.0;
				TARGETED_DEVICE_FAMILY = "1,2";
				TEST_TARGET_NAME = journal_app;
			};
			name = Release;
		};
/* End XCBuildConfiguration section */

/* Begin XCConfigurationList section */
		E2D6422F2C14D18A001F6AF9 /* Build configuration list for PBXProject "myQuilt" */ = {
			isa = XCConfigurationList;
			buildConfigurations = (
				E2D642582C14D18C001F6AF9 /* Debug */,
				E2D642592C14D18C001F6AF9 /* Release */,
			);
			defaultConfigurationIsVisible = 0;
			defaultConfigurationName = Release;
		};
		E2D6425A2C14D18C001F6AF9 /* Build configuration list for PBXNativeTarget "myQuilt" */ = {
			isa = XCConfigurationList;
			buildConfigurations = (
				E2D6425B2C14D18C001F6AF9 /* Debug */,
				E2D6425C2C14D18C001F6AF9 /* Release */,
			);
			defaultConfigurationIsVisible = 0;
			defaultConfigurationName = Release;
		};
		E2D6425D2C14D18C001F6AF9 /* Build configuration list for PBXNativeTarget "myQuiltTests" */ = {
			isa = XCConfigurationList;
			buildConfigurations = (
				E2D6425E2C14D18C001F6AF9 /* Debug */,
				E2D6425F2C14D18C001F6AF9 /* Release */,
			);
			defaultConfigurationIsVisible = 0;
			defaultConfigurationName = Release;
		};
		E2D642602C14D18C001F6AF9 /* Build configuration list for PBXNativeTarget "myQuiltUITests" */ = {
			isa = XCConfigurationList;
			buildConfigurations = (
				E2D642612C14D18C001F6AF9 /* Debug */,
				E2D642622C14D18C001F6AF9 /* Release */,
			);
			defaultConfigurationIsVisible = 0;
			defaultConfigurationName = Release;
		};
/* End XCConfigurationList section */

/* Begin XCRemoteSwiftPackageReference section */
		E209380E2C3F20B500964753 /* XCRemoteSwiftPackageReference "SwiftfulLoadingIndicators" */ = {
			isa = XCRemoteSwiftPackageReference;
			repositoryURL = "https://github.com/SwiftfulThinking/SwiftfulLoadingIndicators.git";
			requirement = {
				kind = upToNextMajorVersion;
				minimumVersion = 0.0.4;
			};
		};
/* End XCRemoteSwiftPackageReference section */
	};
	rootObject = E2D6422C2C14D18A001F6AF9 /* Project object */;
}
